
Microsoft Visual Studio Solution File, Format Version 12.00
# Visual Studio Version 17
VisualStudioVersion = 17.9.34728.123
MinimumVisualStudioVersion = 10.0.40219.1
Project("{FAE04EC0-301F-11D3-BF4B-00C04F79EFBC}") = "LabWork00_FirstMVCApp", "LabWork00_FirstMVCApp.csproj", "{42F99A97-ACBA-488A-B744-4FAAA8C6FF70}"
EndProject
Global
	GlobalSection(SolutionConfigurationPlatforms) = preSolution
		Debug|Any CPU = Debug|Any CPU
		Release|Any CPU = Release|Any CPU
	EndGlobalSection
	GlobalSection(ProjectConfigurationPlatforms) = postSolution
		{42F99A97-ACBA-488A-B744-4FAAA8C6FF70}.Debug|Any CPU.ActiveCfg = Debug|Any CPU
		{42F99A97-ACBA-488A-B744-4FAAA8C6FF70}.Debug|Any CPU.Build.0 = Debug|Any CPU
		{42F99A97-ACBA-488A-B744-4FAAA8C6FF70}.Release|Any CPU.ActiveCfg = Release|Any CPU
		{42F99A97-ACBA-488A-B744-4FAAA8C6FF70}.Release|Any CPU.Build.0 = Release|Any CPU
	EndGlobalSection
	GlobalSection(SolutionProperties) = preSolution
		HideSolutionNode = FALSE
	EndGlobalSection
	GlobalSection(ExtensibilityGlobals) = postSolution
		SolutionGuid = {F884C401-5909-4215-A2FE-0335796D8DE3}
	EndGlobalSection
EndGlobal
