
Microsoft Visual Studio Solution File, Format Version 12.00
# Visual Studio Version 17
VisualStudioVersion = 17.9.34728.123
MinimumVisualStudioVersion = 10.0.40219.1
Project("{9A19103F-16F7-4668-BE54-9A1E7A4F7556}") = "Ex01_CreatingDataEntryFormUsingHTMLHelpers", "Ex01_ImplementingRepositoryModel\Ex01_CreatingDataEntryFormUsingHTMLHelpers.csproj", "{4EBCAD7D-8E58-4BAF-BD62-730F4CAA455A}"
EndProject
Project("{9A19103F-16F7-4668-BE54-9A1E7A4F7556}") = "Ex02_UsingTemplateTables", "Ex02_UsingTemplateTables\Ex02_UsingTemplateTables.csproj", "{CE07B87D-0866-448C-B32C-BACF8823BF79}"
EndProject
Project("{FAE04EC0-301F-11D3-BF4B-00C04F79EFBC}") = "Ex03_UsingMVCViewTemplatesWithDataTemplates", "Ex03_UsingMVCViewTemplatesWithDataTemplates\Ex03_UsingMVCViewTemplatesWithDataTemplates.csproj", "{DCF6DE0E-20FB-440F-B271-3C2FB70226DE}"
EndProject
Global
	GlobalSection(SolutionConfigurationPlatforms) = preSolution
		Debug|Any CPU = Debug|Any CPU
		Release|Any CPU = Release|Any CPU
	EndGlobalSection
	GlobalSection(ProjectConfigurationPlatforms) = postSolution
		{4EBCAD7D-8E58-4BAF-BD62-730F4CAA455A}.Debug|Any CPU.ActiveCfg = Debug|Any CPU
		{4EBCAD7D-8E58-4BAF-BD62-730F4CAA455A}.Debug|Any CPU.Build.0 = Debug|Any CPU
		{4EBCAD7D-8E58-4BAF-BD62-730F4CAA455A}.Release|Any CPU.ActiveCfg = Release|Any CPU
		{4EBCAD7D-8E58-4BAF-BD62-730F4CAA455A}.Release|Any CPU.Build.0 = Release|Any CPU
		{CE07B87D-0866-448C-B32C-BACF8823BF79}.Debug|Any CPU.ActiveCfg = Debug|Any CPU
		{CE07B87D-0866-448C-B32C-BACF8823BF79}.Debug|Any CPU.Build.0 = Debug|Any CPU
		{CE07B87D-0866-448C-B32C-BACF8823BF79}.Release|Any CPU.ActiveCfg = Release|Any CPU
		{CE07B87D-0866-448C-B32C-BACF8823BF79}.Release|Any CPU.Build.0 = Release|Any CPU
		{DCF6DE0E-20FB-440F-B271-3C2FB70226DE}.Debug|Any CPU.ActiveCfg = Debug|Any CPU
		{DCF6DE0E-20FB-440F-B271-3C2FB70226DE}.Debug|Any CPU.Build.0 = Debug|Any CPU
		{DCF6DE0E-20FB-440F-B271-3C2FB70226DE}.Release|Any CPU.ActiveCfg = Release|Any CPU
		{DCF6DE0E-20FB-440F-B271-3C2FB70226DE}.Release|Any CPU.Build.0 = Release|Any CPU
	EndGlobalSection
	GlobalSection(SolutionProperties) = preSolution
		HideSolutionNode = FALSE
	EndGlobalSection
	GlobalSection(ExtensibilityGlobals) = postSolution
		SolutionGuid = {C2CA2BD3-3BDF-497D-AD3B-37DFEFBF481F}
	EndGlobalSection
EndGlobal
