
Microsoft Visual Studio Solution File, Format Version 12.00
# Visual Studio Version 17
VisualStudioVersion = 17.9.34728.123
MinimumVisualStudioVersion = 10.0.40219.1
Project("{9A19103F-16F7-4668-BE54-9A1E7A4F7556}") = "RazorPagesMovie", "RazorPagesMovie\RazorPagesMovie.csproj", "{8C80B042-C70B-4A0B-B0AA-E742D7A57F44}"
EndProject
Global
	GlobalSection(SolutionConfigurationPlatforms) = preSolution
		Debug|Any CPU = Debug|Any CPU
		Release|Any CPU = Release|Any CPU
	EndGlobalSection
	GlobalSection(ProjectConfigurationPlatforms) = postSolution
		{8C80B042-C70B-4A0B-B0AA-E742D7A57F44}.Debug|Any CPU.ActiveCfg = Debug|Any CPU
		{8C80B042-C70B-4A0B-B0AA-E742D7A57F44}.Debug|Any CPU.Build.0 = Debug|Any CPU
		{8C80B042-C70B-4A0B-B0AA-E742D7A57F44}.Release|Any CPU.ActiveCfg = Release|Any CPU
		{8C80B042-C70B-4A0B-B0AA-E742D7A57F44}.Release|Any CPU.Build.0 = Release|Any CPU
	EndGlobalSection
	GlobalSection(SolutionProperties) = preSolution
		HideSolutionNode = FALSE
	EndGlobalSection
	GlobalSection(ExtensibilityGlobals) = postSolution
		SolutionGuid = {FAFD85CD-A8E1-406D-9513-632C8A0B4714}
	EndGlobalSection
EndGlobal
